
Microsoft Visual Studio Solution File, Format Version 12.00
# Visual Studio 15
VisualStudioVersion = 15.0.28307.438
MinimumVisualStudioVersion = 10.0.40219.1
Project("{9A19103F-16F7-4668-BE54-9A1E7A4F7556}") = "Test_Petstore", "Test_Petstore\Test_Petstore.csproj", "{5B1C870E-EDFF-4F21-8EFD-3217902FB549}"
EndProject
Project("{FAE04EC0-301F-11D3-BF4B-00C04F79EFBC}") = "Petstore.BL", "Petstore.BL\Petstore.BL.csproj", "{FE2BE652-EDB7-4397-A708-BEEE9BF1D423}"
EndProject
Project("{FAE04EC0-301F-11D3-BF4B-00C04F79EFBC}") = "Petstore.ET", "Petstore.ET\Petstore.ET.csproj", "{72E6E7AE-324A-4E29-97F6-5DD16D4CC6F0}"
EndProject
Project("{FAE04EC0-301F-11D3-BF4B-00C04F79EFBC}") = "Utils", "Utils\Utils.csproj", "{525F3EBF-CD17-4F3D-B494-CAF42CCE12BB}"
EndProject
Project("{FAE04EC0-301F-11D3-BF4B-00C04F79EFBC}") = "Petstore.Test", "Petstore.Test\Petstore.Test.csproj", "{A2254129-2E62-4453-B23F-B24C8EA0F92F}"
EndProject
Global
	GlobalSection(SolutionConfigurationPlatforms) = preSolution
		Debug|Any CPU = Debug|Any CPU
		Release|Any CPU = Release|Any CPU
	EndGlobalSection
	GlobalSection(ProjectConfigurationPlatforms) = postSolution
		{5B1C870E-EDFF-4F21-8EFD-3217902FB549}.Debug|Any CPU.ActiveCfg = Debug|Any CPU
		{5B1C870E-EDFF-4F21-8EFD-3217902FB549}.Debug|Any CPU.Build.0 = Debug|Any CPU
		{5B1C870E-EDFF-4F21-8EFD-3217902FB549}.Release|Any CPU.ActiveCfg = Release|Any CPU
		{5B1C870E-EDFF-4F21-8EFD-3217902FB549}.Release|Any CPU.Build.0 = Release|Any CPU
		{FE2BE652-EDB7-4397-A708-BEEE9BF1D423}.Debug|Any CPU.ActiveCfg = Debug|Any CPU
		{FE2BE652-EDB7-4397-A708-BEEE9BF1D423}.Debug|Any CPU.Build.0 = Debug|Any CPU
		{FE2BE652-EDB7-4397-A708-BEEE9BF1D423}.Release|Any CPU.ActiveCfg = Release|Any CPU
		{FE2BE652-EDB7-4397-A708-BEEE9BF1D423}.Release|Any CPU.Build.0 = Release|Any CPU
		{72E6E7AE-324A-4E29-97F6-5DD16D4CC6F0}.Debug|Any CPU.ActiveCfg = Debug|Any CPU
		{72E6E7AE-324A-4E29-97F6-5DD16D4CC6F0}.Debug|Any CPU.Build.0 = Debug|Any CPU
		{72E6E7AE-324A-4E29-97F6-5DD16D4CC6F0}.Release|Any CPU.ActiveCfg = Release|Any CPU
		{72E6E7AE-324A-4E29-97F6-5DD16D4CC6F0}.Release|Any CPU.Build.0 = Release|Any CPU
		{525F3EBF-CD17-4F3D-B494-CAF42CCE12BB}.Debug|Any CPU.ActiveCfg = Debug|Any CPU
		{525F3EBF-CD17-4F3D-B494-CAF42CCE12BB}.Debug|Any CPU.Build.0 = Debug|Any CPU
		{525F3EBF-CD17-4F3D-B494-CAF42CCE12BB}.Release|Any CPU.ActiveCfg = Release|Any CPU
		{525F3EBF-CD17-4F3D-B494-CAF42CCE12BB}.Release|Any CPU.Build.0 = Release|Any CPU
		{A2254129-2E62-4453-B23F-B24C8EA0F92F}.Debug|Any CPU.ActiveCfg = Debug|Any CPU
		{A2254129-2E62-4453-B23F-B24C8EA0F92F}.Debug|Any CPU.Build.0 = Debug|Any CPU
		{A2254129-2E62-4453-B23F-B24C8EA0F92F}.Release|Any CPU.ActiveCfg = Release|Any CPU
		{A2254129-2E62-4453-B23F-B24C8EA0F92F}.Release|Any CPU.Build.0 = Release|Any CPU
	EndGlobalSection
	GlobalSection(SolutionProperties) = preSolution
		HideSolutionNode = FALSE
	EndGlobalSection
	GlobalSection(ExtensibilityGlobals) = postSolution
		SolutionGuid = {15FC5F47-BF03-4BBD-99F3-963AE8FD6410}
	EndGlobalSection
EndGlobal
